
Microsoft Visual Studio Solution File, Format Version 12.00
# Visual Studio Version 17
VisualStudioVersion = 17.3.32929.385
MinimumVisualStudioVersion = 10.0.40219.1
Project("{9A19103F-16F7-4668-BE54-9A1E7A4F7556}") = "Tipos de variáveis", "Tipos de variáveis.csproj", "{B830B1F4-8C42-4DBC-BF26-7514E1D50107}"
EndProject
Project("{FAE04EC0-301F-11D3-BF4B-00C04F79EFBC}") = "ByteTypeint", "..\ByteTypeint\ByteTypeint.csproj", "{8B864B07-3915-4FFA-9ECC-22F64BE5D941}"
EndProject
Global
	GlobalSection(SolutionConfigurationPlatforms) = preSolution
		Debug|Any CPU = Debug|Any CPU
		Release|Any CPU = Release|Any CPU
	EndGlobalSection
	GlobalSection(ProjectConfigurationPlatforms) = postSolution
		{B830B1F4-8C42-4DBC-BF26-7514E1D50107}.Debug|Any CPU.ActiveCfg = Debug|Any CPU
		{B830B1F4-8C42-4DBC-BF26-7514E1D50107}.Debug|Any CPU.Build.0 = Debug|Any CPU
		{B830B1F4-8C42-4DBC-BF26-7514E1D50107}.Release|Any CPU.ActiveCfg = Release|Any CPU
		{B830B1F4-8C42-4DBC-BF26-7514E1D50107}.Release|Any CPU.Build.0 = Release|Any CPU
		{8B864B07-3915-4FFA-9ECC-22F64BE5D941}.Debug|Any CPU.ActiveCfg = Debug|Any CPU
		{8B864B07-3915-4FFA-9ECC-22F64BE5D941}.Debug|Any CPU.Build.0 = Debug|Any CPU
		{8B864B07-3915-4FFA-9ECC-22F64BE5D941}.Release|Any CPU.ActiveCfg = Release|Any CPU
		{8B864B07-3915-4FFA-9ECC-22F64BE5D941}.Release|Any CPU.Build.0 = Release|Any CPU
	EndGlobalSection
	GlobalSection(SolutionProperties) = preSolution
		HideSolutionNode = FALSE
	EndGlobalSection
	GlobalSection(ExtensibilityGlobals) = postSolution
		SolutionGuid = {7D3981AC-2BC4-47C0-AADB-D03B04DE4A3E}
	EndGlobalSection
EndGlobal
